// !$*UTF8*$!
{
	archiveVersion = 1;
	classes = {
	};
	objectVersion = 50;
	objects = {

/* Begin PBXBuildFile section */
		53B5A04924348451001AD9C8 /* AppDelegate.swift in Sources */ = {isa = PBXBuildFile; fileRef = 53B5A04824348451001AD9C8 /* AppDelegate.swift */; };
		53B5A04B24348451001AD9C8 /* SceneDelegate.swift in Sources */ = {isa = PBXBuildFile; fileRef = 53B5A04A24348451001AD9C8 /* SceneDelegate.swift */; };
		53B5A04D24348451001AD9C8 /* ViewController.swift in Sources */ = {isa = PBXBuildFile; fileRef = 53B5A04C24348451001AD9C8 /* ViewController.swift */; };
		53B5A05024348451001AD9C8 /* Main.storyboard in Resources */ = {isa = PBXBuildFile; fileRef = 53B5A04E24348451001AD9C8 /* Main.storyboard */; };
		53B5A05224348453001AD9C8 /* Assets.xcassets in Resources */ = {isa = PBXBuildFile; fileRef = 53B5A05124348453001AD9C8 /* Assets.xcassets */; };
		53B5A05524348453001AD9C8 /* LaunchScreen.storyboard in Resources */ = {isa = PBXBuildFile; fileRef = 53B5A05324348453001AD9C8 /* LaunchScreen.storyboard */; };
		53B5A05D24348514001AD9C8 /* AlmofireRequest.swift in Sources */ = {isa = PBXBuildFile; fileRef = 53B5A05C24348514001AD9C8 /* AlmofireRequest.swift */; };
		53B5A05F24348631001AD9C8 /* README.rtf in Resources */ = {isa = PBXBuildFile; fileRef = 53B5A05E24348631001AD9C8 /* README.rtf */; };
		72DAA3F3AF0BC312F45A9C22 /* Pods_AddCocoaPods.framework in Frameworks */ = {isa = PBXBuildFile; fileRef = FE0DCC003DE1096041AB9818 /* Pods_AddCocoaPods.framework */; };
/* End PBXBuildFile section */

/* Begin PBXFileReference section */
		53B5A04524348451001AD9C8 /* AddCocoaPods.app */ = {isa = PBXFileReference; explicitFileType = wrapper.application; includeInIndex = 0; path = AddCocoaPods.app; sourceTree = BUILT_PRODUCTS_DIR; };
		53B5A04824348451001AD9C8 /* AppDelegate.swift */ = {isa = PBXFileReference; lastKnownFileType = sourcecode.swift; path = AppDelegate.swift; sourceTree = "<group>"; };
		53B5A04A24348451001AD9C8 /* SceneDelegate.swift */ = {isa = PBXFileReference; lastKnownFileType = sourcecode.swift; path = SceneDelegate.swift; sourceTree = "<group>"; };
		53B5A04C24348451001AD9C8 /* ViewController.swift */ = {isa = PBXFileReference; lastKnownFileType = sourcecode.swift; path = ViewController.swift; sourceTree = "<group>"; };
		53B5A04F24348451001AD9C8 /* Base */ = {isa = PBXFileReference; lastKnownFileType = file.storyboard; name = Base; path = Base.lproj/Main.storyboard; sourceTree = "<group>"; };
		53B5A05124348453001AD9C8 /* Assets.xcassets */ = {isa = PBXFileReference; lastKnownFileType = folder.assetcatalog; path = Assets.xcassets; sourceTree = "<group>"; };
		53B5A05424348453001AD9C8 /* Base */ = {isa = PBXFileReference; lastKnownFileType = file.storyboard; name = Base; path = Base.lproj/LaunchScreen.storyboard; sourceTree = "<group>"; };
		53B5A05624348453001AD9C8 /* Info.plist */ = {isa = PBXFileReference; lastKnownFileType = text.plist.xml; path = Info.plist; sourceTree = "<group>"; };
		53B5A05C24348514001AD9C8 /* AlmofireRequest.swift */ = {isa = PBXFileReference; lastKnownFileType = sourcecode.swift; path = AlmofireRequest.swift; sourceTree = "<group>"; };
		53B5A05E24348631001AD9C8 /* README.rtf */ = {isa = PBXFileReference; lastKnownFileType = text.rtf; path = README.rtf; sourceTree = "<group>"; };
		B89C1A4385D7EE8A41C3EA9F /* Pods-AddCocoaPods.release.xcconfig */ = {isa = PBXFileReference; includeInIndex = 1; lastKnownFileType = text.xcconfig; name = "Pods-AddCocoaPods.release.xcconfig"; path = "Pods/Target Support Files/Pods-AddCocoaPods/Pods-AddCocoaPods.release.xcconfig"; sourceTree = "<group>"; };
		D61128BDE9CCB067EC33822B /* Pods-AddCocoaPods.debug.xcconfig */ = {isa = PBXFileReference; includeInIndex = 1; lastKnownFileType = text.xcconfig; name = "Pods-AddCocoaPods.debug.xcconfig"; path = "Pods/Target Support Files/Pods-AddCocoaPods/Pods-AddCocoaPods.debug.xcconfig"; sourceTree = "<group>"; };
		FE0DCC003DE1096041AB9818 /* Pods_AddCocoaPods.framework */ = {isa = PBXFileReference; explicitFileType = wrapper.framework; includeInIndex = 0; path = Pods_AddCocoaPods.framework; sourceTree = BUILT_PRODUCTS_DIR; };
/* End PBXFileReference section */

/* Begin PBXFrameworksBuildPhase section */
		53B5A04224348450001AD9C8 /* Frameworks */ = {
			isa = PBXFrameworksBuildPhase;
			buildActionMask = 2147483647;
			files = (
				72DAA3F3AF0BC312F45A9C22 /* Pods_AddCocoaPods.framework in Frameworks */,
			);
			runOnlyForDeploymentPostprocessing = 0;
		};
/* End PBXFrameworksBuildPhase section */

/* Begin PBXGroup section */
		159D4AD4A5EDACFC43CAC4A8 /* Frameworks */ = {
			isa = PBXGroup;
			children = (
				FE0DCC003DE1096041AB9818 /* Pods_AddCocoaPods.framework */,
			);
			name = Frameworks;
			sourceTree = "<group>";
		};
		53B5A03C24348450001AD9C8 = {
			isa = PBXGroup;
			children = (
				53B5A05E24348631001AD9C8 /* README.rtf */,
				53B5A04724348451001AD9C8 /* AddCocoaPods */,
				53B5A04624348451001AD9C8 /* Products */,
				5A92B153F33197CD687CF9CE /* Pods */,
				159D4AD4A5EDACFC43CAC4A8 /* Frameworks */,
			);
			sourceTree = "<group>";
		};
		53B5A04624348451001AD9C8 /* Products */ = {
			isa = PBXGroup;
			children = (
				53B5A04524348451001AD9C8 /* AddCocoaPods.app */,
			);
			name = Products;
			sourceTree = "<group>";
		};
		53B5A04724348451001AD9C8 /* AddCocoaPods */ = {
			isa = PBXGroup;
			children = (
				53B5A04824348451001AD9C8 /* AppDelegate.swift */,
				53B5A04A24348451001AD9C8 /* SceneDelegate.swift */,
				53B5A04C24348451001AD9C8 /* ViewController.swift */,
				53B5A05C24348514001AD9C8 /* AlmofireRequest.swift */,
				53B5A04E24348451001AD9C8 /* Main.storyboard */,
				53B5A05124348453001AD9C8 /* Assets.xcassets */,
				53B5A05324348453001AD9C8 /* LaunchScreen.storyboard */,
				53B5A05624348453001AD9C8 /* Info.plist */,
			);
			path = AddCocoaPods;
			sourceTree = "<group>";
		};
		5A92B153F33197CD687CF9CE /* Pods */ = {
			isa = PBXGroup;
			children = (
				D61128BDE9CCB067EC33822B /* Pods-AddCocoaPods.debug.xcconfig */,
				B89C1A4385D7EE8A41C3EA9F /* Pods-AddCocoaPods.release.xcconfig */,
			);
			name = Pods;
			sourceTree = "<group>";
		};
/* End PBXGroup section */

/* Begin PBXNativeTarget section */
		53B5A04424348450001AD9C8 /* AddCocoaPods */ = {
			isa = PBXNativeTarget;
			buildConfigurationList = 53B5A05924348453001AD9C8 /* Build configuration list for PBXNativeTarget "AddCocoaPods" */;
			buildPhases = (
				44853F3581F045CCB5624897 /* [CP] Check Pods Manifest.lock */,
				53B5A04124348450001AD9C8 /* Sources */,
				53B5A04224348450001AD9C8 /* Frameworks */,
				53B5A04324348450001AD9C8 /* Resources */,
				96153B6496E6A8A869947BA9 /* [CP] Embed Pods Frameworks */,
			);
			buildRules = (
			);
			dependencies = (
			);
			name = AddCocoaPods;
			productName = AddCocoaPods;
			productReference = 53B5A04524348451001AD9C8 /* AddCocoaPods.app */;
			productType = "com.apple.product-type.application";
		};
/* End PBXNativeTarget section */

/* Begin PBXProject section */
		53B5A03D24348450001AD9C8 /* Project object */ = {
			isa = PBXProject;
			attributes = {
				LastSwiftUpdateCheck = 1130;
				LastUpgradeCheck = 1130;
				ORGANIZATIONNAME = prafulmahajan;
				TargetAttributes = {
					53B5A04424348450001AD9C8 = {
						CreatedOnToolsVersion = 11.3;
					};
				};
			};
			buildConfigurationList = 53B5A04024348450001AD9C8 /* Build configuration list for PBXProject "AddCocoaPods" */;
			compatibilityVersion = "Xcode 9.3";
			developmentRegion = en;
			hasScannedForEncodings = 0;
			knownRegions = (
				en,
				Base,
			);
			mainGroup = 53B5A03C24348450001AD9C8;
			productRefGroup = 53B5A04624348451001AD9C8 /* Products */;
			projectDirPath = "";
			projectRoot = "";
			targets = (
				53B5A04424348450001AD9C8 /* AddCocoaPods */,
			);
		};
/* End PBXProject section */

/* Begin PBXResourcesBuildPhase section */
		53B5A04324348450001AD9C8 /* Resources */ = {
			isa = PBXResourcesBuildPhase;
			buildActionMask = 2147483647;
			files = (
				53B5A05524348453001AD9C8 /* LaunchScreen.storyboard in Resources */,
				53B5A05224348453001AD9C8 /* Assets.xcassets in Resources */,
				53B5A05F24348631001AD9C8 /* README.rtf in Resources */,
				53B5A05024348451001AD9C8 /* Main.storyboard in Resources */,
			);
			runOnlyForDeploymentPostprocessing = 0;
		};
/* End PBXResourcesBuildPhase section */

/* Begin PBXShellScriptBuildPhase section */
		44853F3581F045CCB5624897 /* [CP] Check Pods Manifest.lock */ = {
			isa = PBXShellScriptBuildPhase;
			buildActionMask = 2147483647;
			files = (
			);
			inputFileListPaths = (
			);
			inputPaths = (
				"${PODS_PODFILE_DIR_PATH}/Podfile.lock",
				"${PODS_ROOT}/Manifest.lock",
			);
			name = "[CP] Check Pods Manifest.lock";
			outputFileListPaths = (
			);
			outputPaths = (
				"$(DERIVED_FILE_DIR)/Pods-AddCocoaPods-checkManifestLockResult.txt",
			);
			runOnlyForDeploymentPostprocessing = 0;
			shellPath = /bin/sh;
			shellScript = "diff \"${PODS_PODFILE_DIR_PATH}/Podfile.lock\" \"${PODS_ROOT}/Manifest.lock\" > /dev/null\nif [ $? != 0 ] ; then\n    # print error to STDERR\n    echo \"error: The sandbox is not in sync with the Podfile.lock. Run 'pod install' or update your CocoaPods installation.\" >&2\n    exit 1\nfi\n# This output is used by Xcode 'outputs' to avoid re-running this script phase.\necho \"SUCCESS\" > \"${SCRIPT_OUTPUT_FILE_0}\"\n";
			showEnvVarsInLog = 0;
		};
		96153B6496E6A8A869947BA9 /* [CP] Embed Pods Frameworks */ = {
			isa = PBXShellScriptBuildPhase;
			buildActionMask = 2147483647;
			files = (
			);
			inputFileListPaths = (
			);
			inputPaths = (
				"${SRCROOT}/Pods/Target Support Files/Pods-AddCocoaPods/Pods-AddCocoaPods-frameworks.sh",
				"${BUILT_PRODUCTS_DIR}/Alamofire/Alamofire.framework",
			);
			name = "[CP] Embed Pods Frameworks";
			outputFileListPaths = (
			);
			outputPaths = (
				"${TARGET_BUILD_DIR}/${FRAMEWORKS_FOLDER_PATH}/Alamofire.framework",
			);
			runOnlyForDeploymentPostprocessing = 0;
			shellPath = /bin/sh;
			shellScript = "\"${SRCROOT}/Pods/Target Support Files/Pods-AddCocoaPods/Pods-AddCocoaPods-frameworks.sh\"\n";
			showEnvVarsInLog = 0;
		};
/* End PBXShellScriptBuildPhase section */

/* Begin PBXSourcesBuildPhase section */
		53B5A04124348450001AD9C8 /* Sources */ = {
			isa = PBXSourcesBuildPhase;
			buildActionMask = 2147483647;
			files = (
				53B5A05D24348514001AD9C8 /* AlmofireRequest.swift in Sources */,
				53B5A04D24348451001AD9C8 /* ViewController.swift in Sources */,
				53B5A04924348451001AD9C8 /* AppDelegate.swift in Sources */,
				53B5A04B24348451001AD9C8 /* SceneDelegate.swift in Sources */,
			);
			runOnlyForDeploymentPostprocessing = 0;
		};
/* End PBXSourcesBuildPhase section */

/* Begin PBXVariantGroup section */
		53B5A04E24348451001AD9C8 /* Main.storyboard */ = {
			isa = PBXVariantGroup;
			children = (
				53B5A04F24348451001AD9C8 /* Base */,
			);
			name = Main.storyboard;
			sourceTree = "<group>";
		};
		53B5A05324348453001AD9C8 /* LaunchScreen.storyboard */ = {
			isa = PBXVariantGroup;
			children = (
				53B5A05424348453001AD9C8 /* Base */,
			);
			name = LaunchScreen.storyboard;
			sourceTree = "<group>";
		};
/* End PBXVariantGroup section */

/* Begin XCBuildConfiguration section */
		53B5A05724348453001AD9C8 /* Debug */ = {
			isa = XCBuildConfiguration;
			buildSettings = {
				ALWAYS_SEARCH_USER_PATHS = NO;
				CLANG_ANALYZER_NONNULL = YES;
				CLANG_ANALYZER_NUMBER_OBJECT_CONVERSION = YES_AGGRESSIVE;
				CLANG_CXX_LANGUAGE_STANDARD = "gnu++14";
				CLANG_CXX_LIBRARY = "libc++";
				CLANG_ENABLE_MODULES = YES;
				CLANG_ENABLE_OBJC_ARC = YES;
				CLANG_ENABLE_OBJC_WEAK = YES;
				CLANG_WARN_BLOCK_CAPTURE_AUTORELEASING = YES;
				CLANG_WARN_BOOL_CONVERSION = YES;
				CLANG_WARN_COMMA = YES;
				CLANG_WARN_CONSTANT_CONVERSION = YES;
				CLANG_WARN_DEPRECATED_OBJC_IMPLEMENTATIONS = YES;
				CLANG_WARN_DIRECT_OBJC_ISA_USAGE = YES_ERROR;
				CLANG_WARN_DOCUMENTATION_COMMENTS = YES;
				CLANG_WARN_EMPTY_BODY = YES;
				CLANG_WARN_ENUM_CONVERSION = YES;
				CLANG_WARN_INFINITE_RECURSION = YES;
				CLANG_WARN_INT_CONVERSION = YES;
				CLANG_WARN_NON_LITERAL_NULL_CONVERSION = YES;
				CLANG_WARN_OBJC_IMPLICIT_RETAIN_SELF = YES;
				CLANG_WARN_OBJC_LITERAL_CONVERSION = YES;
				CLANG_WARN_OBJC_ROOT_CLASS = YES_ERROR;
				CLANG_WARN_RANGE_LOOP_ANALYSIS = YES;
				CLANG_WARN_STRICT_PROTOTYPES = YES;
				CLANG_WARN_SUSPICIOUS_MOVE = YES;
				CLANG_WARN_UNGUARDED_AVAILABILITY = YES_AGGRESSIVE;
				CLANG_WARN_UNREACHABLE_CODE = YES;
				CLANG_WARN__DUPLICATE_METHOD_MATCH = YES;
				COPY_PHASE_STRIP = NO;
				DEBUG_INFORMATION_FORMAT = dwarf;
				ENABLE_STRICT_OBJC_MSGSEND = YES;
				ENABLE_TESTABILITY = YES;
				GCC_C_LANGUAGE_STANDARD = gnu11;
				GCC_DYNAMIC_NO_PIC = NO;
				GCC_NO_COMMON_BLOCKS = YES;
				GCC_OPTIMIZATION_LEVEL = 0;
				GCC_PREPROCESSOR_DEFINITIONS = (
					"DEBUG=1",
					"$(inherited)",
				);
				GCC_WARN_64_TO_32_BIT_CONVERSION = YES;
				GCC_WARN_ABOUT_RETURN_TYPE = YES_ERROR;
				GCC_WARN_UNDECLARED_SELECTOR = YES;
				GCC_WARN_UNINITIALIZED_AUTOS = YES_AGGRESSIVE;
				GCC_WARN_UNUSED_FUNCTION = YES;
				GCC_WARN_UNUSED_VARIABLE = YES;
				IPHONEOS_DEPLOYMENT_TARGET = 13.2;
				MTL_ENABLE_DEBUG_INFO = INCLUDE_SOURCE;
				MTL_FAST_MATH = YES;
				ONLY_ACTIVE_ARCH = YES;
				SDKROOT = iphoneos;
				SWIFT_ACTIVE_COMPILATION_CONDITIONS = DEBUG;
				SWIFT_OPTIMIZATION_LEVEL = "-Onone";
			};
			name = Debug;
		};
		53B5A05824348453001AD9C8 /* Release */ = {
			isa = XCBuildConfiguration;
			buildSettings = {
				ALWAYS_SEARCH_USER_PATHS = NO;
				CLANG_ANALYZER_NONNULL = YES;
				CLANG_ANALYZER_NUMBER_OBJECT_CONVERSION = YES_AGGRESSIVE;
				CLANG_CXX_LANGUAGE_STANDARD = "gnu++14";
				CLANG_CXX_LIBRARY = "libc++";
				CLANG_ENABLE_MODULES = YES;
				CLANG_ENABLE_OBJC_ARC = YES;
				CLANG_ENABLE_OBJC_WEAK = YES;
				CLANG_WARN_BLOCK_CAPTURE_AUTORELEASING = YES;
				CLANG_WARN_BOOL_CONVERSION = YES;
				CLANG_WARN_COMMA = YES;
				CLANG_WARN_CONSTANT_CONVERSION = YES;
				CLANG_WARN_DEPRECATED_OBJC_IMPLEMENTATIONS = YES;
				CLANG_WARN_DIRECT_OBJC_ISA_USAGE = YES_ERROR;
				CLANG_WARN_DOCUMENTATION_COMMENTS = YES;
				CLANG_WARN_EMPTY_BODY = YES;
				CLANG_WARN_ENUM_CONVERSION = YES;
				CLANG_WARN_INFINITE_RECURSION = YES;
				CLANG_WARN_INT_CONVERSION = YES;
				CLANG_WARN_NON_LITERAL_NULL_CONVERSION = YES;
				CLANG_WARN_OBJC_IMPLICIT_RETAIN_SELF = YES;
				CLANG_WARN_OBJC_LITERAL_CONVERSION = YES;
				CLANG_WARN_OBJC_ROOT_CLASS = YES_ERROR;
				CLANG_WARN_RANGE_LOOP_ANALYSIS = YES;
				CLANG_WARN_STRICT_PROTOTYPES = YES;
				CLANG_WARN_SUSPICIOUS_MOVE = YES;
				CLANG_WARN_UNGUARDED_AVAILABILITY = YES_AGGRESSIVE;
				CLANG_WARN_UNREACHABLE_CODE = YES;
				CLANG_WARN__DUPLICATE_METHOD_MATCH = YES;
				COPY_PHASE_STRIP = NO;
				DEBUG_INFORMATION_FORMAT = "dwarf-with-dsym";
				ENABLE_NS_ASSERTIONS = NO;
				ENABLE_STRICT_OBJC_MSGSEND = YES;
				GCC_C_LANGUAGE_STANDARD = gnu11;
				GCC_NO_COMMON_BLOCKS = YES;
				GCC_WARN_64_TO_32_BIT_CONVERSION = YES;
				GCC_WARN_ABOUT_RETURN_TYPE = YES_ERROR;
				GCC_WARN_UNDECLARED_SELECTOR = YES;
				GCC_WARN_UNINITIALIZED_AUTOS = YES_AGGRESSIVE;
				GCC_WARN_UNUSED_FUNCTION = YES;
				GCC_WARN_UNUSED_VARIABLE = YES;
				IPHONEOS_DEPLOYMENT_TARGET = 13.2;
				MTL_ENABLE_DEBUG_INFO = NO;
				MTL_FAST_MATH = YES;
				SDKROOT = iphoneos;
				SWIFT_COMPILATION_MODE = wholemodule;
				SWIFT_OPTIMIZATION_LEVEL = "-O";
				VALIDATE_PRODUCT = YES;
			};
			name = Release;
		};
		53B5A05A24348453001AD9C8 /* Debug */ = {
			isa = XCBuildConfiguration;
			baseConfigurationReference = D61128BDE9CCB067EC33822B /* Pods-AddCocoaPods.debug.xcconfig */;
			buildSettings = {
				ASSETCATALOG_COMPILER_APPICON_NAME = AppIcon;
				CODE_SIGN_STYLE = Automatic;
				INFOPLIST_FILE = AddCocoaPods/Info.plist;
				LD_RUNPATH_SEARCH_PATHS = (
					"$(inherited)",
					"@executable_path/Frameworks",
				);
				PRODUCT_BUNDLE_IDENTIFIER = com.prafulmahajan.AddCocoaPods;
				PRODUCT_NAME = "$(TARGET_NAME)";
				SWIFT_VERSION = 5.0;
				TARGETED_DEVICE_FAMILY = "1,2";
			};
			name = Debug;
		};
		53B5A05B24348453001AD9C8 /* Release */ = {
			isa = XCBuildConfiguration;
			baseConfigurationReference = B89C1A4385D7EE8A41C3EA9F /* Pods-AddCocoaPods.release.xcconfig */;
			buildSettings = {
				ASSETCATALOG_COMPILER_APPICON_NAME = AppIcon;
				CODE_SIGN_STYLE = Automatic;
				INFOPLIST_FILE = AddCocoaPods/Info.plist;
				LD_RUNPATH_SEARCH_PATHS = (
					"$(inherited)",
					"@executable_path/Frameworks",
				);
				PRODUCT_BUNDLE_IDENTIFIER = com.prafulmahajan.AddCocoaPods;
				PRODUCT_NAME = "$(TARGET_NAME)";
				SWIFT_VERSION = 5.0;
				TARGETED_DEVICE_FAMILY = "1,2";
			};
			name = Release;
		};
/* End XCBuildConfiguration section */

/* Begin XCConfigurationList section */
		53B5A04024348450001AD9C8 /* Build configuration list for PBXProject "AddCocoaPods" */ = {
			isa = XCConfigurationList;
			buildConfigurations = (
				53B5A05724348453001AD9C8 /* Debug */,
				53B5A05824348453001AD9C8 /* Release */,
			);
			defaultConfigurationIsVisible = 0;
			defaultConfigurationName = Release;
		};
		53B5A05924348453001AD9C8 /* Build configuration list for PBXNativeTarget "AddCocoaPods" */ = {
			isa = XCConfigurationList;
			buildConfigurations = (
				53B5A05A24348453001AD9C8 /* Debug */,
				53B5A05B24348453001AD9C8 /* Release */,
			);
			defaultConfigurationIsVisible = 0;
			defaultConfigurationName = Release;
		};
/* End XCConfigurationList section */
	};
	rootObject = 53B5A03D24348450001AD9C8 /* Project object */;
}
